
Microsoft Visual Studio Solution File, Format Version 12.00
# Visual Studio Version 17
VisualStudioVersion = 17.14.36310.24 d17.14
MinimumVisualStudioVersion = 10.0.40219.1
Project("{FAE04EC0-301F-11D3-BF4B-00C04F79EFBC}") = "Assignment 3.1.2", "Assignment 3.1.2.csproj", "{C26781D0-8B8B-4365-AAE9-563AF6D31411}"
EndProject
Global
	GlobalSection(SolutionConfigurationPlatforms) = preSolution
		Debug|Any CPU = Debug|Any CPU
		Release|Any CPU = Release|Any CPU
	EndGlobalSection
	GlobalSection(ProjectConfigurationPlatforms) = postSolution
		{C26781D0-8B8B-4365-AAE9-563AF6D31411}.Debug|Any CPU.ActiveCfg = Debug|Any CPU
		{C26781D0-8B8B-4365-AAE9-563AF6D31411}.Debug|Any CPU.Build.0 = Debug|Any CPU
		{C26781D0-8B8B-4365-AAE9-563AF6D31411}.Release|Any CPU.ActiveCfg = Release|Any CPU
		{C26781D0-8B8B-4365-AAE9-563AF6D31411}.Release|Any CPU.Build.0 = Release|Any CPU
	EndGlobalSection
	GlobalSection(SolutionProperties) = preSolution
		HideSolutionNode = FALSE
	EndGlobalSection
	GlobalSection(ExtensibilityGlobals) = postSolution
		SolutionGuid = {1CE5CEB1-4497-4EB0-AD55-D646798AAAD5}
	EndGlobalSection
EndGlobal
